// !$*UTF8*$!
{
	archiveVersion = 1;
	classes = {
	};
	objectVersion = 50;
	objects = {

/* Begin PBXBuildFile section */
		D414833A26AD13D80034DF4A /* 42862_Uniform.swift in Sources */ = {isa = PBXBuildFile; fileRef = D414833926AD13D70034DF4A /* 42862_Uniform.swift */; };
		D414833C26AD230B0034DF4A /* 42860_JoyStick.swift in Sources */ = {isa = PBXBuildFile; fileRef = D414833B26AD230B0034DF4A /* 42860_JoyStick.swift */; };
		D414833E26AE436F0034DF4A /* GroupAnagrams.swift in Sources */ = {isa = PBXBuildFile; fileRef = D414833D26AE436F0034DF4A /* GroupAnagrams.swift */; };
		D414836226AF95D40034DF4A /* Chess.swift in Sources */ = {isa = PBXBuildFile; fileRef = D414836126AF95D40034DF4A /* Chess.swift */; };
		D414836826B0DE1F0034DF4A /* MergeTwoSortedLists.swift in Sources */ = {isa = PBXBuildFile; fileRef = D414836726B0DE1F0034DF4A /* MergeTwoSortedLists.swift */; };
		D414836A26B1022E0034DF4A /* PalindromeLinkedList.swift in Sources */ = {isa = PBXBuildFile; fileRef = D414836926B1022E0034DF4A /* PalindromeLinkedList.swift */; };
		D414836C26B241C80034DF4A /* RevealCards.swift in Sources */ = {isa = PBXBuildFile; fileRef = D414836B26B241C80034DF4A /* RevealCards.swift */; };
		D414842E26B37EBB0034DF4A /* 2_AddTwoNumbers.swift in Sources */ = {isa = PBXBuildFile; fileRef = D414842D26B37EBB0034DF4A /* 2_AddTwoNumbers.swift */; };
		D414846826B52D870034DF4A /* 3_LongestSubstring.swift in Sources */ = {isa = PBXBuildFile; fileRef = D414846726B52D870034DF4A /* 3_LongestSubstring.swift */; };
		D414846A26B79A2D0034DF4A /* 42883_MakeBigNumber.swift in Sources */ = {isa = PBXBuildFile; fileRef = D414846926B79A2D0034DF4A /* 42883_MakeBigNumber.swift */; };
		D414846C26BA330C0034DF4A /* KeysAndRooms.swift in Sources */ = {isa = PBXBuildFile; fileRef = D414846B26BA330C0034DF4A /* KeysAndRooms.swift */; };
		D414846E26BAF16A0034DF4A /* 373_FindKPairs.swift in Sources */ = {isa = PBXBuildFile; fileRef = D414846D26BAF16A0034DF4A /* 373_FindKPairs.swift */; };
		D414849D26BD19C50034DF4A /* 17_LetterCombinations.swift in Sources */ = {isa = PBXBuildFile; fileRef = D414849C26BD19C50034DF4A /* 17_LetterCombinations.swift */; };
		D414849F26BD2C0A0034DF4A /* 94_BinaryTree.swift in Sources */ = {isa = PBXBuildFile; fileRef = D414849E26BD2C0A0034DF4A /* 94_BinaryTree.swift */; };
		D41484A126BD48900034DF4A /* PathSum.swift in Sources */ = {isa = PBXBuildFile; fileRef = D41484A026BD488F0034DF4A /* PathSum.swift */; };
		D41484A326BE2CF30034DF4A /* 104_MaximumDepth.swift in Sources */ = {isa = PBXBuildFile; fileRef = D41484A226BE2CF30034DF4A /* 104_MaximumDepth.swift */; };
		D41484A526C0DE900034DF4A /* MinimizeMaximumPair.swift in Sources */ = {isa = PBXBuildFile; fileRef = D41484A426C0DE900034DF4A /* MinimizeMaximumPair.swift */; };
		D438456126D9D29A00FEC869 /* ValidSudoku.swift in Sources */ = {isa = PBXBuildFile; fileRef = D438456026D9D29A00FEC869 /* ValidSudoku.swift */; };
		D438456326D9F98100FEC869 /* 283_MoveZeros.swift in Sources */ = {isa = PBXBuildFile; fileRef = D438456226D9F98100FEC869 /* 283_MoveZeros.swift */; };
		D472A16A26E0637E00B564AE /* 876_MiddleOfLinkedList.swift in Sources */ = {isa = PBXBuildFile; fileRef = D472A16926E0637E00B564AE /* 876_MiddleOfLinkedList.swift */; };
		D472A16F26E071B500B564AE /* 198_HouseRobber.swift in Sources */ = {isa = PBXBuildFile; fileRef = D472A16E26E071B500B564AE /* 198_HouseRobber.swift */; };
		D48BB52D26A9582F00B57A4D /* 129_SumRootToLeaf.swift in Sources */ = {isa = PBXBuildFile; fileRef = D48BB52C26A9582F00B57A4D /* 129_SumRootToLeaf.swift */; };
		D48BB52F26AA714600B57A4D /* 42842_Carpet.swift in Sources */ = {isa = PBXBuildFile; fileRef = D48BB52E26AA714600B57A4D /* 42842_Carpet.swift */; };
		D48FDAF126DB3A05003BCB0F /* 704_BinarySearch.swift in Sources */ = {isa = PBXBuildFile; fileRef = D48FDAF026DB3A05003BCB0F /* 704_BinarySearch.swift */; };
		D48FDAF326DB511A003BCB0F /* 278_FirstBadVersion.swift in Sources */ = {isa = PBXBuildFile; fileRef = D48FDAF226DB511A003BCB0F /* 278_FirstBadVersion.swift */; };
		D48FDAF626DB545C003BCB0F /* 35_SearchInsertPosition.swift in Sources */ = {isa = PBXBuildFile; fileRef = D48FDAF526DB545C003BCB0F /* 35_SearchInsertPosition.swift */; };
		D48FDAF926DC6F3B003BCB0F /* 977_SquaresOfaSortedArray.swift in Sources */ = {isa = PBXBuildFile; fileRef = D48FDAF826DC6F3B003BCB0F /* 977_SquaresOfaSortedArray.swift */; };
		D48FDAFB26DC71A3003BCB0F /* 189_RotateArray.swift in Sources */ = {isa = PBXBuildFile; fileRef = D48FDAFA26DC71A2003BCB0F /* 189_RotateArray.swift */; };
		D48FDB0126DDC96B003BCB0F /* 167_TwoSumPart2.swift in Sources */ = {isa = PBXBuildFile; fileRef = D48FDB0026DDC96B003BCB0F /* 167_TwoSumPart2.swift */; };
		D4A2CE1326A1748B00A1B814 /* 76501_NegatvieAndPositiveSum.swift in Sources */ = {isa = PBXBuildFile; fileRef = D4A2CE1226A1748B00A1B814 /* 76501_NegatvieAndPositiveSum.swift */; };
		D4A2CE1526A17B2A00A1B814 /* 77884_Divisor.swift in Sources */ = {isa = PBXBuildFile; fileRef = D4A2CE1426A17B2A00A1B814 /* 77884_Divisor.swift */; };
		D4A2CE1826A522F400A1B814 /* 42747_H-Index.swift in Sources */ = {isa = PBXBuildFile; fileRef = D4A2CE1626A520FB00A1B814 /* 42747_H-Index.swift */; };
		D4AE64862692A78900A96D97 /* main.swift in Sources */ = {isa = PBXBuildFile; fileRef = D4AE64842692A4D200A96D97 /* main.swift */; };
		D4AE648B2692AF6A00A96D97 /* TwoSum.swift in Sources */ = {isa = PBXBuildFile; fileRef = D4AE648A2692AF6A00A96D97 /* TwoSum.swift */; };
		D4AE6494269308CD00A96D97 /* 42746_MostBigNumber.swift in Sources */ = {isa = PBXBuildFile; fileRef = D4AE6493269308CD00A96D97 /* 42746_MostBigNumber.swift */; };
		D4AE64962693FE2400A96D97 /* 42748_KthNumber.swift in Sources */ = {isa = PBXBuildFile; fileRef = D4AE648F2692E55800A96D97 /* 42748_KthNumber.swift */; };
		D4AE64982694208500A96D97 /* RomanToInteger.swift in Sources */ = {isa = PBXBuildFile; fileRef = D4AE64972694208500A96D97 /* RomanToInteger.swift */; };
		D4AE649A26942BEC00A96D97 /* 42587_Printer.swift in Sources */ = {isa = PBXBuildFile; fileRef = D4AE649926942BEC00A96D97 /* 42587_Printer.swift */; };
		D4AE649D2696E33500A96D97 /* Duplicate.swift in Sources */ = {isa = PBXBuildFile; fileRef = D4AE649C2696E33500A96D97 /* Duplicate.swift */; };
		D4AE649F2699593500A96D97 /* 42893_PrimeNumber.swift in Sources */ = {isa = PBXBuildFile; fileRef = D4AE649E2699593500A96D97 /* 42893_PrimeNumber.swift */; };
		D4AE64C0269D736100A96D97 /* 2003_SumOfNumber_TwoPointer.swift in Sources */ = {isa = PBXBuildFile; fileRef = D4AE64BF269D736100A96D97 /* 2003_SumOfNumber_TwoPointer.swift */; };
		D4AE64C1269D7B3D00A96D97 /* 1260_DFSAndBFS.swift in Sources */ = {isa = PBXBuildFile; fileRef = D4AE64A0269981CB00A96D97 /* 1260_DFSAndBFS.swift */; };
		D4AE64C3269E73FF00A96D97 /* 961_N-RepeatedElement.swift in Sources */ = {isa = PBXBuildFile; fileRef = D4AE64C2269E73FF00A96D97 /* 961_N-RepeatedElement.swift */; };
		D4AE64C5269E852300A96D97 /* 42578_Disguise.swift in Sources */ = {isa = PBXBuildFile; fileRef = D4AE64C4269E852300A96D97 /* 42578_Disguise.swift */; };
		D4AE64C7269FC32200A96D97 /* 42583_Truck.swift in Sources */ = {isa = PBXBuildFile; fileRef = D4AE64C6269FC32200A96D97 /* 42583_Truck.swift */; };
		D4AF9E3426DDCEAE00E69A28 /* 509_FibonacciNumber.swift in Sources */ = {isa = PBXBuildFile; fileRef = D4AF9E3326DDCEAE00E69A28 /* 509_FibonacciNumber.swift */; };
		D4AF9E3626DDD15F00E69A28 /* 1137_TribonacciNumber.swift in Sources */ = {isa = PBXBuildFile; fileRef = D4AF9E3526DDD15F00E69A28 /* 1137_TribonacciNumber.swift */; };
		D4AF9E4226DF0C9300E69A28 /* 43162_Network.swift in Sources */ = {isa = PBXBuildFile; fileRef = D4AF9E4126DF0C9300E69A28 /* 43162_Network.swift */; };
		D4AF9E4526DF18A900E69A28 /* 344_ReverseString.swift in Sources */ = {isa = PBXBuildFile; fileRef = D4AF9E4426DF18A900E69A28 /* 344_ReverseString.swift */; };
		D4AF9E4726DF1BD000E69A28 /* 557_ReverseWordsInaString.swift in Sources */ = {isa = PBXBuildFile; fileRef = D4AF9E4626DF1BD000E69A28 /* 557_ReverseWordsInaString.swift */; };
		D4AF9E7426DFB60500E69A28 /* 70_ClimbingStairs.swift in Sources */ = {isa = PBXBuildFile; fileRef = D4AF9E7326DFB60500E69A28 /* 70_ClimbingStairs.swift */; };
		D4AF9E7626DFC07700E69A28 /* 746_MinCostClimbingStairs.swift in Sources */ = {isa = PBXBuildFile; fileRef = D4AF9E7526DFC07700E69A28 /* 746_MinCostClimbingStairs.swift */; };
		D4B17B1126E1B78900C9359D /* PermutationInString.swift in Sources */ = {isa = PBXBuildFile; fileRef = D4B17B1026E1B78900C9359D /* PermutationInString.swift */; };
		D4B17B1426E6066100C9359D /* 733_FloodFill.swift in Sources */ = {isa = PBXBuildFile; fileRef = D4B17B1326E6066100C9359D /* 733_FloodFill.swift */; };
		D4B17B1626E6156000C9359D /* 695_MaxAreaOfIsland.swift in Sources */ = {isa = PBXBuildFile; fileRef = D4B17B1526E6156000C9359D /* 695_MaxAreaOfIsland.swift */; };
		D4B17B1926E6FC1900C9359D /* Problem1_RecommendNewId.swift in Sources */ = {isa = PBXBuildFile; fileRef = D4B17B1826E6FC1900C9359D /* Problem1_RecommendNewId.swift */; };
		D4B17B1F26E85F7900C9359D /* Problem2_MenuRenewal.swift in Sources */ = {isa = PBXBuildFile; fileRef = D4B17B1E26E85F7900C9359D /* Problem2_MenuRenewal.swift */; };
		D4B17B2126E878A300C9359D /* 11047_동전0.swift in Sources */ = {isa = PBXBuildFile; fileRef = D4B17B2026E878A300C9359D /* 11047_동전0.swift */; };
		D4B67D3626C20BD7000E8BB7 /* 12977_MakePrimeNumber.swift in Sources */ = {isa = PBXBuildFile; fileRef = D4B67D3526C20BD7000E8BB7 /* 12977_MakePrimeNumber.swift */; };
		D4B67D3B26C4CE93000E8BB7 /* 347_TopKFrequentElements.swift in Sources */ = {isa = PBXBuildFile; fileRef = D4B67D3A26C4CE93000E8BB7 /* 347_TopKFrequentElements.swift */; };
		D4B67D3D26C4D6F0000E8BB7 /* 946_ValidateStackSequences.swift in Sources */ = {isa = PBXBuildFile; fileRef = D4B67D3C26C4D6F0000E8BB7 /* 946_ValidateStackSequences.swift */; };
		D4B67D6526C64FA6000E8BB7 /* 20_ValidParentheses.swift in Sources */ = {isa = PBXBuildFile; fileRef = D4B67D6426C64FA6000E8BB7 /* 20_ValidParentheses.swift */; };
		D4B67D9726C9FB43000E8BB7 /* 11_ContainerWithMostWater.swift in Sources */ = {isa = PBXBuildFile; fileRef = D4B67D9626C9FB43000E8BB7 /* 11_ContainerWithMostWater.swift */; };
		D4B9329126D75AD900084ECA /* 1823_FindTheWinnerOfTheCircularGame.swift in Sources */ = {isa = PBXBuildFile; fileRef = D4B9329026D75AD900084ECA /* 1823_FindTheWinnerOfTheCircularGame.swift */; };
		D4BCFB2F26CCA39400323CF5 /* 207_CourseSchedule.swift in Sources */ = {isa = PBXBuildFile; fileRef = D4BCFB2E26CCA39400323CF5 /* 207_CourseSchedule.swift */; };
		D4BCFB5126CE529E00323CF5 /* 15649_NAndM.swift in Sources */ = {isa = PBXBuildFile; fileRef = D4BCFB5026CE529E00323CF5 /* 15649_NAndM.swift */; };
		D4BCFB5326CF511F00323CF5 /* 46_Permutations.swift in Sources */ = {isa = PBXBuildFile; fileRef = D4BCFB5226CF511F00323CF5 /* 46_Permutations.swift */; };
		D4BCFB7726D3484900323CF5 /* 1051_HeightChecker.swift in Sources */ = {isa = PBXBuildFile; fileRef = D4BCFB7626D3484900323CF5 /* 1051_HeightChecker.swift */; };
		D4BCFB7D26D4937700323CF5 /* 43165_TargetNumber.swift in Sources */ = {isa = PBXBuildFile; fileRef = D4BCFB7C26D4937700323CF5 /* 43165_TargetNumber.swift */; };
		D4BCFB7F26D49CD700323CF5 /* 26_RemoveDuplicatesFromSortedArray.swift in Sources */ = {isa = PBXBuildFile; fileRef = D4BCFB7E26D49CD700323CF5 /* 26_RemoveDuplicatesFromSortedArray.swift */; };
		D4BCFB8C26D5E76600323CF5 /* 781_Rabbits.swift in Sources */ = {isa = PBXBuildFile; fileRef = D4BCFB8B26D5E76600323CF5 /* 781_Rabbits.swift */; };
		D4ECDADB26E9AF94003D3C99 /* CompressionString.swift in Sources */ = {isa = PBXBuildFile; fileRef = D4ECDADA26E9AF94003D3C99 /* CompressionString.swift */; };
/* End PBXBuildFile section */

/* Begin PBXCopyFilesBuildPhase section */
		D4AE64762692A26000A96D97 /* CopyFiles */ = {
			isa = PBXCopyFilesBuildPhase;
			buildActionMask = 2147483647;
			dstPath = /usr/share/man/man1/;
			dstSubfolderSpec = 0;
			files = (
			);
			runOnlyForDeploymentPostprocessing = 1;
		};
/* End PBXCopyFilesBuildPhase section */

/* Begin PBXFileReference section */
		D414833926AD13D70034DF4A /* 42862_Uniform.swift */ = {isa = PBXFileReference; lastKnownFileType = sourcecode.swift; path = 42862_Uniform.swift; sourceTree = "<group>"; };
		D414833B26AD230B0034DF4A /* 42860_JoyStick.swift */ = {isa = PBXFileReference; lastKnownFileType = sourcecode.swift; path = 42860_JoyStick.swift; sourceTree = "<group>"; };
		D414833D26AE436F0034DF4A /* GroupAnagrams.swift */ = {isa = PBXFileReference; lastKnownFileType = sourcecode.swift; path = GroupAnagrams.swift; sourceTree = "<group>"; };
		D414836126AF95D40034DF4A /* Chess.swift */ = {isa = PBXFileReference; lastKnownFileType = sourcecode.swift; path = Chess.swift; sourceTree = "<group>"; };
		D414836726B0DE1F0034DF4A /* MergeTwoSortedLists.swift */ = {isa = PBXFileReference; lastKnownFileType = sourcecode.swift; path = MergeTwoSortedLists.swift; sourceTree = "<group>"; };
		D414836926B1022E0034DF4A /* PalindromeLinkedList.swift */ = {isa = PBXFileReference; lastKnownFileType = sourcecode.swift; path = PalindromeLinkedList.swift; sourceTree = "<group>"; };
		D414836B26B241C80034DF4A /* RevealCards.swift */ = {isa = PBXFileReference; lastKnownFileType = sourcecode.swift; path = RevealCards.swift; sourceTree = "<group>"; };
		D414842D26B37EBB0034DF4A /* 2_AddTwoNumbers.swift */ = {isa = PBXFileReference; lastKnownFileType = sourcecode.swift; path = 2_AddTwoNumbers.swift; sourceTree = "<group>"; };
		D414846726B52D870034DF4A /* 3_LongestSubstring.swift */ = {isa = PBXFileReference; lastKnownFileType = sourcecode.swift; path = 3_LongestSubstring.swift; sourceTree = "<group>"; };
		D414846926B79A2D0034DF4A /* 42883_MakeBigNumber.swift */ = {isa = PBXFileReference; lastKnownFileType = sourcecode.swift; path = 42883_MakeBigNumber.swift; sourceTree = "<group>"; };
		D414846B26BA330C0034DF4A /* KeysAndRooms.swift */ = {isa = PBXFileReference; lastKnownFileType = sourcecode.swift; path = KeysAndRooms.swift; sourceTree = "<group>"; };
		D414846D26BAF16A0034DF4A /* 373_FindKPairs.swift */ = {isa = PBXFileReference; lastKnownFileType = sourcecode.swift; path = 373_FindKPairs.swift; sourceTree = "<group>"; };
		D414849C26BD19C50034DF4A /* 17_LetterCombinations.swift */ = {isa = PBXFileReference; lastKnownFileType = sourcecode.swift; path = 17_LetterCombinations.swift; sourceTree = "<group>"; };
		D414849E26BD2C0A0034DF4A /* 94_BinaryTree.swift */ = {isa = PBXFileReference; lastKnownFileType = sourcecode.swift; path = 94_BinaryTree.swift; sourceTree = "<group>"; };
		D41484A026BD488F0034DF4A /* PathSum.swift */ = {isa = PBXFileReference; lastKnownFileType = sourcecode.swift; path = PathSum.swift; sourceTree = "<group>"; };
		D41484A226BE2CF30034DF4A /* 104_MaximumDepth.swift */ = {isa = PBXFileReference; lastKnownFileType = sourcecode.swift; path = 104_MaximumDepth.swift; sourceTree = "<group>"; };
		D41484A426C0DE900034DF4A /* MinimizeMaximumPair.swift */ = {isa = PBXFileReference; lastKnownFileType = sourcecode.swift; path = MinimizeMaximumPair.swift; sourceTree = "<group>"; };
		D438456026D9D29A00FEC869 /* ValidSudoku.swift */ = {isa = PBXFileReference; lastKnownFileType = sourcecode.swift; path = ValidSudoku.swift; sourceTree = "<group>"; };
		D438456226D9F98100FEC869 /* 283_MoveZeros.swift */ = {isa = PBXFileReference; lastKnownFileType = sourcecode.swift; path = 283_MoveZeros.swift; sourceTree = "<group>"; };
		D472A16926E0637E00B564AE /* 876_MiddleOfLinkedList.swift */ = {isa = PBXFileReference; lastKnownFileType = sourcecode.swift; path = 876_MiddleOfLinkedList.swift; sourceTree = "<group>"; };
		D472A16E26E071B500B564AE /* 198_HouseRobber.swift */ = {isa = PBXFileReference; lastKnownFileType = sourcecode.swift; path = 198_HouseRobber.swift; sourceTree = "<group>"; };
		D48BB52C26A9582F00B57A4D /* 129_SumRootToLeaf.swift */ = {isa = PBXFileReference; lastKnownFileType = sourcecode.swift; path = 129_SumRootToLeaf.swift; sourceTree = "<group>"; };
		D48BB52E26AA714600B57A4D /* 42842_Carpet.swift */ = {isa = PBXFileReference; lastKnownFileType = sourcecode.swift; path = 42842_Carpet.swift; sourceTree = "<group>"; };
		D48FDAF026DB3A05003BCB0F /* 704_BinarySearch.swift */ = {isa = PBXFileReference; lastKnownFileType = sourcecode.swift; path = 704_BinarySearch.swift; sourceTree = "<group>"; };
		D48FDAF226DB511A003BCB0F /* 278_FirstBadVersion.swift */ = {isa = PBXFileReference; lastKnownFileType = sourcecode.swift; path = 278_FirstBadVersion.swift; sourceTree = "<group>"; };
		D48FDAF526DB545C003BCB0F /* 35_SearchInsertPosition.swift */ = {isa = PBXFileReference; lastKnownFileType = sourcecode.swift; path = 35_SearchInsertPosition.swift; sourceTree = "<group>"; };
		D48FDAF826DC6F3B003BCB0F /* 977_SquaresOfaSortedArray.swift */ = {isa = PBXFileReference; lastKnownFileType = sourcecode.swift; path = 977_SquaresOfaSortedArray.swift; sourceTree = "<group>"; };
		D48FDAFA26DC71A2003BCB0F /* 189_RotateArray.swift */ = {isa = PBXFileReference; lastKnownFileType = sourcecode.swift; path = 189_RotateArray.swift; sourceTree = "<group>"; };
		D48FDB0026DDC96B003BCB0F /* 167_TwoSumPart2.swift */ = {isa = PBXFileReference; lastKnownFileType = sourcecode.swift; path = 167_TwoSumPart2.swift; sourceTree = "<group>"; };
		D4A2CE1226A1748B00A1B814 /* 76501_NegatvieAndPositiveSum.swift */ = {isa = PBXFileReference; lastKnownFileType = sourcecode.swift; path = 76501_NegatvieAndPositiveSum.swift; sourceTree = "<group>"; };
		D4A2CE1426A17B2A00A1B814 /* 77884_Divisor.swift */ = {isa = PBXFileReference; lastKnownFileType = sourcecode.swift; path = 77884_Divisor.swift; sourceTree = "<group>"; };
		D4A2CE1626A520FB00A1B814 /* 42747_H-Index.swift */ = {isa = PBXFileReference; lastKnownFileType = sourcecode.swift; path = "42747_H-Index.swift"; sourceTree = "<group>"; };
		D4AE64782692A26000A96D97 /* Programmers */ = {isa = PBXFileReference; explicitFileType = "compiled.mach-o.executable"; includeInIndex = 0; path = Programmers; sourceTree = BUILT_PRODUCTS_DIR; };
		D4AE64822692A30E00A96D97 /* 12944_CalCulatingAverage.swift */ = {isa = PBXFileReference; lastKnownFileType = sourcecode.swift; path = 12944_CalCulatingAverage.swift; sourceTree = "<group>"; };
		D4AE64842692A4D200A96D97 /* main.swift */ = {isa = PBXFileReference; lastKnownFileType = sourcecode.swift; path = main.swift; sourceTree = "<group>"; };
		D4AE648A2692AF6A00A96D97 /* TwoSum.swift */ = {isa = PBXFileReference; lastKnownFileType = sourcecode.swift; path = TwoSum.swift; sourceTree = "<group>"; };
		D4AE648D2692B44500A96D97 /* 12901_calendar.swift */ = {isa = PBXFileReference; lastKnownFileType = sourcecode.swift; path = 12901_calendar.swift; sourceTree = "<group>"; };
		D4AE648F2692E55800A96D97 /* 42748_KthNumber.swift */ = {isa = PBXFileReference; lastKnownFileType = sourcecode.swift; path = 42748_KthNumber.swift; sourceTree = "<group>"; };
		D4AE64912692EEAF00A96D97 /* 9237_InvitationVillageHead.swift */ = {isa = PBXFileReference; lastKnownFileType = sourcecode.swift; path = 9237_InvitationVillageHead.swift; sourceTree = "<group>"; };
		D4AE6493269308CD00A96D97 /* 42746_MostBigNumber.swift */ = {isa = PBXFileReference; lastKnownFileType = sourcecode.swift; path = 42746_MostBigNumber.swift; sourceTree = "<group>"; };
		D4AE64972694208500A96D97 /* RomanToInteger.swift */ = {isa = PBXFileReference; lastKnownFileType = sourcecode.swift; path = RomanToInteger.swift; sourceTree = "<group>"; };
		D4AE649926942BEC00A96D97 /* 42587_Printer.swift */ = {isa = PBXFileReference; lastKnownFileType = sourcecode.swift; path = 42587_Printer.swift; sourceTree = "<group>"; };
		D4AE649B26959BF400A96D97 /* 11899_InsertionParenthesis.swift */ = {isa = PBXFileReference; lastKnownFileType = sourcecode.swift; path = 11899_InsertionParenthesis.swift; sourceTree = "<group>"; };
		D4AE649C2696E33500A96D97 /* Duplicate.swift */ = {isa = PBXFileReference; lastKnownFileType = sourcecode.swift; path = Duplicate.swift; sourceTree = "<group>"; };
		D4AE649E2699593500A96D97 /* 42893_PrimeNumber.swift */ = {isa = PBXFileReference; lastKnownFileType = sourcecode.swift; path = 42893_PrimeNumber.swift; sourceTree = "<group>"; };
		D4AE64A0269981CB00A96D97 /* 1260_DFSAndBFS.swift */ = {isa = PBXFileReference; lastKnownFileType = sourcecode.swift; path = 1260_DFSAndBFS.swift; sourceTree = "<group>"; };
		D4AE64BF269D736100A96D97 /* 2003_SumOfNumber_TwoPointer.swift */ = {isa = PBXFileReference; lastKnownFileType = sourcecode.swift; path = 2003_SumOfNumber_TwoPointer.swift; sourceTree = "<group>"; };
		D4AE64C2269E73FF00A96D97 /* 961_N-RepeatedElement.swift */ = {isa = PBXFileReference; lastKnownFileType = sourcecode.swift; path = "961_N-RepeatedElement.swift"; sourceTree = "<group>"; };
		D4AE64C4269E852300A96D97 /* 42578_Disguise.swift */ = {isa = PBXFileReference; lastKnownFileType = sourcecode.swift; path = 42578_Disguise.swift; sourceTree = "<group>"; };
		D4AE64C6269FC32200A96D97 /* 42583_Truck.swift */ = {isa = PBXFileReference; lastKnownFileType = sourcecode.swift; path = 42583_Truck.swift; sourceTree = "<group>"; };
		D4AF9E3326DDCEAE00E69A28 /* 509_FibonacciNumber.swift */ = {isa = PBXFileReference; lastKnownFileType = sourcecode.swift; path = 509_FibonacciNumber.swift; sourceTree = "<group>"; };
		D4AF9E3526DDD15F00E69A28 /* 1137_TribonacciNumber.swift */ = {isa = PBXFileReference; lastKnownFileType = sourcecode.swift; path = 1137_TribonacciNumber.swift; sourceTree = "<group>"; };
		D4AF9E4126DF0C9300E69A28 /* 43162_Network.swift */ = {isa = PBXFileReference; lastKnownFileType = sourcecode.swift; path = 43162_Network.swift; sourceTree = "<group>"; };
		D4AF9E4426DF18A900E69A28 /* 344_ReverseString.swift */ = {isa = PBXFileReference; lastKnownFileType = sourcecode.swift; path = 344_ReverseString.swift; sourceTree = "<group>"; };
		D4AF9E4626DF1BD000E69A28 /* 557_ReverseWordsInaString.swift */ = {isa = PBXFileReference; lastKnownFileType = sourcecode.swift; path = 557_ReverseWordsInaString.swift; sourceTree = "<group>"; };
		D4AF9E7326DFB60500E69A28 /* 70_ClimbingStairs.swift */ = {isa = PBXFileReference; lastKnownFileType = sourcecode.swift; path = 70_ClimbingStairs.swift; sourceTree = "<group>"; };
		D4AF9E7526DFC07700E69A28 /* 746_MinCostClimbingStairs.swift */ = {isa = PBXFileReference; lastKnownFileType = sourcecode.swift; path = 746_MinCostClimbingStairs.swift; sourceTree = "<group>"; };
		D4B17B1026E1B78900C9359D /* PermutationInString.swift */ = {isa = PBXFileReference; lastKnownFileType = sourcecode.swift; path = PermutationInString.swift; sourceTree = "<group>"; };
		D4B17B1326E6066100C9359D /* 733_FloodFill.swift */ = {isa = PBXFileReference; lastKnownFileType = sourcecode.swift; path = 733_FloodFill.swift; sourceTree = "<group>"; };
		D4B17B1526E6156000C9359D /* 695_MaxAreaOfIsland.swift */ = {isa = PBXFileReference; lastKnownFileType = sourcecode.swift; path = 695_MaxAreaOfIsland.swift; sourceTree = "<group>"; };
		D4B17B1826E6FC1900C9359D /* Problem1_RecommendNewId.swift */ = {isa = PBXFileReference; lastKnownFileType = sourcecode.swift; path = Problem1_RecommendNewId.swift; sourceTree = "<group>"; };
		D4B17B1E26E85F7900C9359D /* Problem2_MenuRenewal.swift */ = {isa = PBXFileReference; lastKnownFileType = sourcecode.swift; path = Problem2_MenuRenewal.swift; sourceTree = "<group>"; };
		D4B17B2026E878A300C9359D /* 11047_동전0.swift */ = {isa = PBXFileReference; lastKnownFileType = sourcecode.swift; path = "11047_동전0.swift"; sourceTree = "<group>"; };
		D4B67D3526C20BD7000E8BB7 /* 12977_MakePrimeNumber.swift */ = {isa = PBXFileReference; lastKnownFileType = sourcecode.swift; path = 12977_MakePrimeNumber.swift; sourceTree = "<group>"; };
		D4B67D3A26C4CE93000E8BB7 /* 347_TopKFrequentElements.swift */ = {isa = PBXFileReference; lastKnownFileType = sourcecode.swift; path = 347_TopKFrequentElements.swift; sourceTree = "<group>"; };
		D4B67D3C26C4D6F0000E8BB7 /* 946_ValidateStackSequences.swift */ = {isa = PBXFileReference; lastKnownFileType = sourcecode.swift; path = 946_ValidateStackSequences.swift; sourceTree = "<group>"; };
		D4B67D6426C64FA6000E8BB7 /* 20_ValidParentheses.swift */ = {isa = PBXFileReference; lastKnownFileType = sourcecode.swift; path = 20_ValidParentheses.swift; sourceTree = "<group>"; };
		D4B67D9626C9FB43000E8BB7 /* 11_ContainerWithMostWater.swift */ = {isa = PBXFileReference; lastKnownFileType = sourcecode.swift; path = 11_ContainerWithMostWater.swift; sourceTree = "<group>"; };
		D4B9329026D75AD900084ECA /* 1823_FindTheWinnerOfTheCircularGame.swift */ = {isa = PBXFileReference; lastKnownFileType = sourcecode.swift; path = 1823_FindTheWinnerOfTheCircularGame.swift; sourceTree = "<group>"; };
		D4BCFB2E26CCA39400323CF5 /* 207_CourseSchedule.swift */ = {isa = PBXFileReference; lastKnownFileType = sourcecode.swift; path = 207_CourseSchedule.swift; sourceTree = "<group>"; };
		D4BCFB5026CE529E00323CF5 /* 15649_NAndM.swift */ = {isa = PBXFileReference; lastKnownFileType = sourcecode.swift; path = 15649_NAndM.swift; sourceTree = "<group>"; };
		D4BCFB5226CF511F00323CF5 /* 46_Permutations.swift */ = {isa = PBXFileReference; lastKnownFileType = sourcecode.swift; path = 46_Permutations.swift; sourceTree = "<group>"; };
		D4BCFB7626D3484900323CF5 /* 1051_HeightChecker.swift */ = {isa = PBXFileReference; lastKnownFileType = sourcecode.swift; path = 1051_HeightChecker.swift; sourceTree = "<group>"; };
		D4BCFB7C26D4937700323CF5 /* 43165_TargetNumber.swift */ = {isa = PBXFileReference; lastKnownFileType = sourcecode.swift; path = 43165_TargetNumber.swift; sourceTree = "<group>"; };
		D4BCFB7E26D49CD700323CF5 /* 26_RemoveDuplicatesFromSortedArray.swift */ = {isa = PBXFileReference; lastKnownFileType = sourcecode.swift; path = 26_RemoveDuplicatesFromSortedArray.swift; sourceTree = "<group>"; };
		D4BCFB8B26D5E76600323CF5 /* 781_Rabbits.swift */ = {isa = PBXFileReference; lastKnownFileType = sourcecode.swift; path = 781_Rabbits.swift; sourceTree = "<group>"; };
		D4ECDADA26E9AF94003D3C99 /* CompressionString.swift */ = {isa = PBXFileReference; lastKnownFileType = sourcecode.swift; path = CompressionString.swift; sourceTree = "<group>"; };
/* End PBXFileReference section */

/* Begin PBXFrameworksBuildPhase section */
		D4AE64752692A26000A96D97 /* Frameworks */ = {
			isa = PBXFrameworksBuildPhase;
			buildActionMask = 2147483647;
			files = (
			);
			runOnlyForDeploymentPostprocessing = 0;
		};
/* End PBXFrameworksBuildPhase section */

/* Begin PBXGroup section */
		D472A16726E0633F00B564AE /* DynamicProgramming */ = {
			isa = PBXGroup;
			children = (
				D472A16D26E071A900B564AE /* HouseRobber */,
				D4AF9E7226DFB5F200E69A28 /* ClimbStairs */,
				D4AF9E3226DDCE9800E69A28 /* Fibonacci */,
			);
			path = DynamicProgramming;
			sourceTree = "<group>";
		};
		D472A16826E0636200B564AE /* MiddleOfLinkedList */ = {
			isa = PBXGroup;
			children = (
				D472A16926E0637E00B564AE /* 876_MiddleOfLinkedList.swift */,
			);
			path = MiddleOfLinkedList;
			sourceTree = "<group>";
		};
		D472A16D26E071A900B564AE /* HouseRobber */ = {
			isa = PBXGroup;
			children = (
				D472A16E26E071B500B564AE /* 198_HouseRobber.swift */,
			);
			path = HouseRobber;
			sourceTree = "<group>";
		};
		D48FDAF426DB5445003BCB0F /* BinarySearch */ = {
			isa = PBXGroup;
			children = (
				D48FDAF026DB3A05003BCB0F /* 704_BinarySearch.swift */,
				D48FDAF226DB511A003BCB0F /* 278_FirstBadVersion.swift */,
				D48FDAF526DB545C003BCB0F /* 35_SearchInsertPosition.swift */,
			);
			path = BinarySearch;
			sourceTree = "<group>";
		};
		D48FDAF726DC6F1D003BCB0F /* SquareOfaSortedArray */ = {
			isa = PBXGroup;
			children = (
				D48FDAF826DC6F3B003BCB0F /* 977_SquaresOfaSortedArray.swift */,
				D48FDAFA26DC71A2003BCB0F /* 189_RotateArray.swift */,
			);
			path = SquareOfaSortedArray;
			sourceTree = "<group>";
		};
		D4AE646F2692A26000A96D97 = {
			isa = PBXGroup;
			children = (
				D4ECDAD926E9AF85003D3C99 /* 2020_KaKao */,
				D4B17B1726E6FBF500C9359D /* 2021_Top_KaKao */,
				D4AE64842692A4D200A96D97 /* main.swift */,
				D4AE648C2692AF8500A96D97 /* BaekJoon */,
				D4AE64872692A79A00A96D97 /* leetcode */,
				D4AE647A2692A26000A96D97 /* Programmers */,
				D4AE64792692A26000A96D97 /* Products */,
			);
			sourceTree = "<group>";
		};
		D4AE64792692A26000A96D97 /* Products */ = {
			isa = PBXGroup;
			children = (
				D4AE64782692A26000A96D97 /* Programmers */,
			);
			name = Products;
			sourceTree = "<group>";
		};
		D4AE647A2692A26000A96D97 /* Programmers */ = {
			isa = PBXGroup;
			children = (
				D4AE64822692A30E00A96D97 /* 12944_CalCulatingAverage.swift */,
				D4AE648D2692B44500A96D97 /* 12901_calendar.swift */,
				D4AE648F2692E55800A96D97 /* 42748_KthNumber.swift */,
				D4AE6493269308CD00A96D97 /* 42746_MostBigNumber.swift */,
				D4AE649926942BEC00A96D97 /* 42587_Printer.swift */,
				D4AE649E2699593500A96D97 /* 42893_PrimeNumber.swift */,
				D4B67D3526C20BD7000E8BB7 /* 12977_MakePrimeNumber.swift */,
				D4AE64C4269E852300A96D97 /* 42578_Disguise.swift */,
				D4AE64C6269FC32200A96D97 /* 42583_Truck.swift */,
				D4A2CE1226A1748B00A1B814 /* 76501_NegatvieAndPositiveSum.swift */,
				D4A2CE1426A17B2A00A1B814 /* 77884_Divisor.swift */,
				D4A2CE1626A520FB00A1B814 /* 42747_H-Index.swift */,
				D48BB52E26AA714600B57A4D /* 42842_Carpet.swift */,
				D414833926AD13D70034DF4A /* 42862_Uniform.swift */,
				D414833B26AD230B0034DF4A /* 42860_JoyStick.swift */,
				D414846926B79A2D0034DF4A /* 42883_MakeBigNumber.swift */,
				D4BCFB7C26D4937700323CF5 /* 43165_TargetNumber.swift */,
				D4AF9E4126DF0C9300E69A28 /* 43162_Network.swift */,
			);
			path = Programmers;
			sourceTree = "<group>";
		};
		D4AE64872692A79A00A96D97 /* leetcode */ = {
			isa = PBXGroup;
			children = (
				D4B17B1226E6064C00C9359D /* FloodFill */,
				D4B17B0F26E1B75D00C9359D /* SubStringWithoutRepeating */,
				D472A16826E0636200B564AE /* MiddleOfLinkedList */,
				D472A16726E0633F00B564AE /* DynamicProgramming */,
				D4AF9E4326DF189B00E69A28 /* ReverseString */,
				D4AF9E3126DDCDB100E69A28 /* MoveZeroes (TwoPointers) */,
				D48FDAF726DC6F1D003BCB0F /* SquareOfaSortedArray */,
				D48FDAF426DB5445003BCB0F /* BinarySearch */,
				D4AE648A2692AF6A00A96D97 /* TwoSum.swift */,
				D4AE64972694208500A96D97 /* RomanToInteger.swift */,
				D4AE649C2696E33500A96D97 /* Duplicate.swift */,
				D4AE64C2269E73FF00A96D97 /* 961_N-RepeatedElement.swift */,
				D48BB52C26A9582F00B57A4D /* 129_SumRootToLeaf.swift */,
				D414833D26AE436F0034DF4A /* GroupAnagrams.swift */,
				D414836126AF95D40034DF4A /* Chess.swift */,
				D414836726B0DE1F0034DF4A /* MergeTwoSortedLists.swift */,
				D414836926B1022E0034DF4A /* PalindromeLinkedList.swift */,
				D414836B26B241C80034DF4A /* RevealCards.swift */,
				D414842D26B37EBB0034DF4A /* 2_AddTwoNumbers.swift */,
				D414846B26BA330C0034DF4A /* KeysAndRooms.swift */,
				D414846D26BAF16A0034DF4A /* 373_FindKPairs.swift */,
				D414849C26BD19C50034DF4A /* 17_LetterCombinations.swift */,
				D414849E26BD2C0A0034DF4A /* 94_BinaryTree.swift */,
				D41484A026BD488F0034DF4A /* PathSum.swift */,
				D41484A226BE2CF30034DF4A /* 104_MaximumDepth.swift */,
				D41484A426C0DE900034DF4A /* MinimizeMaximumPair.swift */,
				D4B67D3A26C4CE93000E8BB7 /* 347_TopKFrequentElements.swift */,
				D4B67D3C26C4D6F0000E8BB7 /* 946_ValidateStackSequences.swift */,
				D4B67D6426C64FA6000E8BB7 /* 20_ValidParentheses.swift */,
				D4B67D9626C9FB43000E8BB7 /* 11_ContainerWithMostWater.swift */,
				D4BCFB2E26CCA39400323CF5 /* 207_CourseSchedule.swift */,
				D4BCFB5226CF511F00323CF5 /* 46_Permutations.swift */,
				D4BCFB7626D3484900323CF5 /* 1051_HeightChecker.swift */,
				D4BCFB7E26D49CD700323CF5 /* 26_RemoveDuplicatesFromSortedArray.swift */,
				D4BCFB8B26D5E76600323CF5 /* 781_Rabbits.swift */,
				D4B9329026D75AD900084ECA /* 1823_FindTheWinnerOfTheCircularGame.swift */,
				D438456026D9D29A00FEC869 /* ValidSudoku.swift */,
			);
			path = leetcode;
			sourceTree = "<group>";
		};
		D4AE648C2692AF8500A96D97 /* BaekJoon */ = {
			isa = PBXGroup;
			children = (
				D4AE64912692EEAF00A96D97 /* 9237_InvitationVillageHead.swift */,
				D4AE649B26959BF400A96D97 /* 11899_InsertionParenthesis.swift */,
				D4AE64A0269981CB00A96D97 /* 1260_DFSAndBFS.swift */,
				D4AE64BF269D736100A96D97 /* 2003_SumOfNumber_TwoPointer.swift */,
				D4BCFB5026CE529E00323CF5 /* 15649_NAndM.swift */,
				D4B17B2026E878A300C9359D /* 11047_동전0.swift */,
			);
			path = BaekJoon;
			sourceTree = "<group>";
		};
		D4AF9E3126DDCDB100E69A28 /* MoveZeroes (TwoPointers) */ = {
			isa = PBXGroup;
			children = (
				D438456226D9F98100FEC869 /* 283_MoveZeros.swift */,
				D48FDB0026DDC96B003BCB0F /* 167_TwoSumPart2.swift */,
			);
			path = "MoveZeroes (TwoPointers)";
			sourceTree = "<group>";
		};
		D4AF9E3226DDCE9800E69A28 /* Fibonacci */ = {
			isa = PBXGroup;
			children = (
				D4AF9E3326DDCEAE00E69A28 /* 509_FibonacciNumber.swift */,
				D4AF9E3526DDD15F00E69A28 /* 1137_TribonacciNumber.swift */,
			);
			path = Fibonacci;
			sourceTree = "<group>";
		};
		D4AF9E4326DF189B00E69A28 /* ReverseString */ = {
			isa = PBXGroup;
			children = (
				D4AF9E4426DF18A900E69A28 /* 344_ReverseString.swift */,
				D4AF9E4626DF1BD000E69A28 /* 557_ReverseWordsInaString.swift */,
			);
			path = ReverseString;
			sourceTree = "<group>";
		};
		D4AF9E7226DFB5F200E69A28 /* ClimbStairs */ = {
			isa = PBXGroup;
			children = (
				D4AF9E7326DFB60500E69A28 /* 70_ClimbingStairs.swift */,
				D4AF9E7526DFC07700E69A28 /* 746_MinCostClimbingStairs.swift */,
			);
			path = ClimbStairs;
			sourceTree = "<group>";
		};
		D4B17B0F26E1B75D00C9359D /* SubStringWithoutRepeating */ = {
			isa = PBXGroup;
			children = (
				D414846726B52D870034DF4A /* 3_LongestSubstring.swift */,
				D4B17B1026E1B78900C9359D /* PermutationInString.swift */,
			);
			path = SubStringWithoutRepeating;
			sourceTree = "<group>";
		};
		D4B17B1226E6064C00C9359D /* FloodFill */ = {
			isa = PBXGroup;
			children = (
				D4B17B1326E6066100C9359D /* 733_FloodFill.swift */,
				D4B17B1526E6156000C9359D /* 695_MaxAreaOfIsland.swift */,
			);
			path = FloodFill;
			sourceTree = "<group>";
		};
		D4B17B1726E6FBF500C9359D /* 2021_Top_KaKao */ = {
			isa = PBXGroup;
			children = (
				D4B17B1826E6FC1900C9359D /* Problem1_RecommendNewId.swift */,
				D4B17B1E26E85F7900C9359D /* Problem2_MenuRenewal.swift */,
			);
			path = 2021_Top_KaKao;
			sourceTree = "<group>";
		};
		D4ECDAD926E9AF85003D3C99 /* 2020_KaKao */ = {
			isa = PBXGroup;
			children = (
				D4ECDADA26E9AF94003D3C99 /* CompressionString.swift */,
			);
			path = 2020_KaKao;
			sourceTree = "<group>";
		};
/* End PBXGroup section */

/* Begin PBXNativeTarget section */
		D4AE64772692A26000A96D97 /* Programmers */ = {
			isa = PBXNativeTarget;
			buildConfigurationList = D4AE647F2692A26000A96D97 /* Build configuration list for PBXNativeTarget "Programmers" */;
			buildPhases = (
				D4AE64742692A26000A96D97 /* Sources */,
				D4AE64752692A26000A96D97 /* Frameworks */,
				D4AE64762692A26000A96D97 /* CopyFiles */,
			);
			buildRules = (
			);
			dependencies = (
			);
			name = Programmers;
			productName = Programmers;
			productReference = D4AE64782692A26000A96D97 /* Programmers */;
			productType = "com.apple.product-type.tool";
		};
/* End PBXNativeTarget section */

/* Begin PBXProject section */
		D4AE64702692A26000A96D97 /* Project object */ = {
			isa = PBXProject;
			attributes = {
				LastSwiftUpdateCheck = 1250;
				LastUpgradeCheck = 1250;
				TargetAttributes = {
					D4AE64772692A26000A96D97 = {
						CreatedOnToolsVersion = 12.5;
					};
				};
			};
			buildConfigurationList = D4AE64732692A26000A96D97 /* Build configuration list for PBXProject "Programmers" */;
			compatibilityVersion = "Xcode 9.3";
			developmentRegion = en;
			hasScannedForEncodings = 0;
			knownRegions = (
				en,
				Base,
			);
			mainGroup = D4AE646F2692A26000A96D97;
			productRefGroup = D4AE64792692A26000A96D97 /* Products */;
			projectDirPath = "";
			projectRoot = "";
			targets = (
				D4AE64772692A26000A96D97 /* Programmers */,
			);
		};
/* End PBXProject section */

/* Begin PBXSourcesBuildPhase section */
		D4AE64742692A26000A96D97 /* Sources */ = {
			isa = PBXSourcesBuildPhase;
			buildActionMask = 2147483647;
			files = (
				D48FDAF926DC6F3B003BCB0F /* 977_SquaresOfaSortedArray.swift in Sources */,
				D414836826B0DE1F0034DF4A /* MergeTwoSortedLists.swift in Sources */,
				D4BCFB8C26D5E76600323CF5 /* 781_Rabbits.swift in Sources */,
				D4AE64962693FE2400A96D97 /* 42748_KthNumber.swift in Sources */,
				D48FDAFB26DC71A3003BCB0F /* 189_RotateArray.swift in Sources */,
				D414836C26B241C80034DF4A /* RevealCards.swift in Sources */,
				D4AE64C0269D736100A96D97 /* 2003_SumOfNumber_TwoPointer.swift in Sources */,
				D4A2CE1826A522F400A1B814 /* 42747_H-Index.swift in Sources */,
				D48BB52F26AA714600B57A4D /* 42842_Carpet.swift in Sources */,
				D4B67D3B26C4CE93000E8BB7 /* 347_TopKFrequentElements.swift in Sources */,
				D4AE64C1269D7B3D00A96D97 /* 1260_DFSAndBFS.swift in Sources */,
				D4B67D9726C9FB43000E8BB7 /* 11_ContainerWithMostWater.swift in Sources */,
				D48BB52D26A9582F00B57A4D /* 129_SumRootToLeaf.swift in Sources */,
				D4B9329126D75AD900084ECA /* 1823_FindTheWinnerOfTheCircularGame.swift in Sources */,
				D414849D26BD19C50034DF4A /* 17_LetterCombinations.swift in Sources */,
				D414846E26BAF16A0034DF4A /* 373_FindKPairs.swift in Sources */,
				D4BCFB7F26D49CD700323CF5 /* 26_RemoveDuplicatesFromSortedArray.swift in Sources */,
				D414833C26AD230B0034DF4A /* 42860_JoyStick.swift in Sources */,
				D4A2CE1326A1748B00A1B814 /* 76501_NegatvieAndPositiveSum.swift in Sources */,
				D4AE649F2699593500A96D97 /* 42893_PrimeNumber.swift in Sources */,
				D4A2CE1526A17B2A00A1B814 /* 77884_Divisor.swift in Sources */,
				D4B17B2126E878A300C9359D /* 11047_동전0.swift in Sources */,
				D48FDB0126DDC96B003BCB0F /* 167_TwoSumPart2.swift in Sources */,
				D4AF9E3426DDCEAE00E69A28 /* 509_FibonacciNumber.swift in Sources */,
				D4AF9E4526DF18A900E69A28 /* 344_ReverseString.swift in Sources */,
				D414836226AF95D40034DF4A /* Chess.swift in Sources */,
				D414849F26BD2C0A0034DF4A /* 94_BinaryTree.swift in Sources */,
				D4AE64C3269E73FF00A96D97 /* 961_N-RepeatedElement.swift in Sources */,
				D4AF9E7626DFC07700E69A28 /* 746_MinCostClimbingStairs.swift in Sources */,
				D4BCFB7726D3484900323CF5 /* 1051_HeightChecker.swift in Sources */,
				D414846826B52D870034DF4A /* 3_LongestSubstring.swift in Sources */,
				D4B17B1626E6156000C9359D /* 695_MaxAreaOfIsland.swift in Sources */,
				D414833E26AE436F0034DF4A /* GroupAnagrams.swift in Sources */,
				D414842E26B37EBB0034DF4A /* 2_AddTwoNumbers.swift in Sources */,
				D4AF9E4226DF0C9300E69A28 /* 43162_Network.swift in Sources */,
				D4B67D6526C64FA6000E8BB7 /* 20_ValidParentheses.swift in Sources */,
				D4B17B1126E1B78900C9359D /* PermutationInString.swift in Sources */,
				D4B17B1926E6FC1900C9359D /* Problem1_RecommendNewId.swift in Sources */,
				D4BCFB7D26D4937700323CF5 /* 43165_TargetNumber.swift in Sources */,
				D4B17B1F26E85F7900C9359D /* Problem2_MenuRenewal.swift in Sources */,
				D4AE64C7269FC32200A96D97 /* 42583_Truck.swift in Sources */,
				D472A16F26E071B500B564AE /* 198_HouseRobber.swift in Sources */,
				D414833A26AD13D80034DF4A /* 42862_Uniform.swift in Sources */,
				D4ECDADB26E9AF94003D3C99 /* CompressionString.swift in Sources */,
				D4BCFB2F26CCA39400323CF5 /* 207_CourseSchedule.swift in Sources */,
				D4AF9E4726DF1BD000E69A28 /* 557_ReverseWordsInaString.swift in Sources */,
				D4B17B1426E6066100C9359D /* 733_FloodFill.swift in Sources */,
				D48FDAF626DB545C003BCB0F /* 35_SearchInsertPosition.swift in Sources */,
				D4BCFB5326CF511F00323CF5 /* 46_Permutations.swift in Sources */,
				D4AE64862692A78900A96D97 /* main.swift in Sources */,
				D41484A526C0DE900034DF4A /* MinimizeMaximumPair.swift in Sources */,
				D4AE6494269308CD00A96D97 /* 42746_MostBigNumber.swift in Sources */,
				D438456126D9D29A00FEC869 /* ValidSudoku.swift in Sources */,
				D414846A26B79A2D0034DF4A /* 42883_MakeBigNumber.swift in Sources */,
				D4AE648B2692AF6A00A96D97 /* TwoSum.swift in Sources */,
				D48FDAF126DB3A05003BCB0F /* 704_BinarySearch.swift in Sources */,
				D4AF9E3626DDD15F00E69A28 /* 1137_TribonacciNumber.swift in Sources */,
				D4B67D3D26C4D6F0000E8BB7 /* 946_ValidateStackSequences.swift in Sources */,
				D472A16A26E0637E00B564AE /* 876_MiddleOfLinkedList.swift in Sources */,
				D414836A26B1022E0034DF4A /* PalindromeLinkedList.swift in Sources */,
				D48FDAF326DB511A003BCB0F /* 278_FirstBadVersion.swift in Sources */,
				D438456326D9F98100FEC869 /* 283_MoveZeros.swift in Sources */,
				D414846C26BA330C0034DF4A /* KeysAndRooms.swift in Sources */,
				D4BCFB5126CE529E00323CF5 /* 15649_NAndM.swift in Sources */,
				D4AE649D2696E33500A96D97 /* Duplicate.swift in Sources */,
				D4AE64C5269E852300A96D97 /* 42578_Disguise.swift in Sources */,
				D4AE64982694208500A96D97 /* RomanToInteger.swift in Sources */,
				D4AE649A26942BEC00A96D97 /* 42587_Printer.swift in Sources */,
				D41484A326BE2CF30034DF4A /* 104_MaximumDepth.swift in Sources */,
				D41484A126BD48900034DF4A /* PathSum.swift in Sources */,
				D4AF9E7426DFB60500E69A28 /* 70_ClimbingStairs.swift in Sources */,
				D4B67D3626C20BD7000E8BB7 /* 12977_MakePrimeNumber.swift in Sources */,
			);
			runOnlyForDeploymentPostprocessing = 0;
		};
/* End PBXSourcesBuildPhase section */

/* Begin XCBuildConfiguration section */
		D4AE647D2692A26000A96D97 /* Debug */ = {
			isa = XCBuildConfiguration;
			buildSettings = {
				ALWAYS_SEARCH_USER_PATHS = NO;
				CLANG_ANALYZER_NONNULL = YES;
				CLANG_ANALYZER_NUMBER_OBJECT_CONVERSION = YES_AGGRESSIVE;
				CLANG_CXX_LANGUAGE_STANDARD = "gnu++14";
				CLANG_CXX_LIBRARY = "libc++";
				CLANG_ENABLE_MODULES = YES;
				CLANG_ENABLE_OBJC_ARC = YES;
				CLANG_ENABLE_OBJC_WEAK = YES;
				CLANG_WARN_BLOCK_CAPTURE_AUTORELEASING = YES;
				CLANG_WARN_BOOL_CONVERSION = YES;
				CLANG_WARN_COMMA = YES;
				CLANG_WARN_CONSTANT_CONVERSION = YES;
				CLANG_WARN_DEPRECATED_OBJC_IMPLEMENTATIONS = YES;
				CLANG_WARN_DIRECT_OBJC_ISA_USAGE = YES_ERROR;
				CLANG_WARN_DOCUMENTATION_COMMENTS = YES;
				CLANG_WARN_EMPTY_BODY = YES;
				CLANG_WARN_ENUM_CONVERSION = YES;
				CLANG_WARN_INFINITE_RECURSION = YES;
				CLANG_WARN_INT_CONVERSION = YES;
				CLANG_WARN_NON_LITERAL_NULL_CONVERSION = YES;
				CLANG_WARN_OBJC_IMPLICIT_RETAIN_SELF = YES;
				CLANG_WARN_OBJC_LITERAL_CONVERSION = YES;
				CLANG_WARN_OBJC_ROOT_CLASS = YES_ERROR;
				CLANG_WARN_QUOTED_INCLUDE_IN_FRAMEWORK_HEADER = YES;
				CLANG_WARN_RANGE_LOOP_ANALYSIS = YES;
				CLANG_WARN_STRICT_PROTOTYPES = YES;
				CLANG_WARN_SUSPICIOUS_MOVE = YES;
				CLANG_WARN_UNGUARDED_AVAILABILITY = YES_AGGRESSIVE;
				CLANG_WARN_UNREACHABLE_CODE = YES;
				CLANG_WARN__DUPLICATE_METHOD_MATCH = YES;
				COPY_PHASE_STRIP = NO;
				DEBUG_INFORMATION_FORMAT = dwarf;
				ENABLE_STRICT_OBJC_MSGSEND = YES;
				ENABLE_TESTABILITY = YES;
				GCC_C_LANGUAGE_STANDARD = gnu11;
				GCC_DYNAMIC_NO_PIC = NO;
				GCC_NO_COMMON_BLOCKS = YES;
				GCC_OPTIMIZATION_LEVEL = 0;
				GCC_PREPROCESSOR_DEFINITIONS = (
					"DEBUG=1",
					"$(inherited)",
				);
				GCC_WARN_64_TO_32_BIT_CONVERSION = YES;
				GCC_WARN_ABOUT_RETURN_TYPE = YES_ERROR;
				GCC_WARN_UNDECLARED_SELECTOR = YES;
				GCC_WARN_UNINITIALIZED_AUTOS = YES_AGGRESSIVE;
				GCC_WARN_UNUSED_FUNCTION = YES;
				GCC_WARN_UNUSED_VARIABLE = YES;
				MACOSX_DEPLOYMENT_TARGET = 11.3;
				MTL_ENABLE_DEBUG_INFO = INCLUDE_SOURCE;
				MTL_FAST_MATH = YES;
				ONLY_ACTIVE_ARCH = YES;
				SDKROOT = macosx;
				SWIFT_ACTIVE_COMPILATION_CONDITIONS = DEBUG;
				SWIFT_OPTIMIZATION_LEVEL = "-Onone";
			};
			name = Debug;
		};
		D4AE647E2692A26000A96D97 /* Release */ = {
			isa = XCBuildConfiguration;
			buildSettings = {
				ALWAYS_SEARCH_USER_PATHS = NO;
				CLANG_ANALYZER_NONNULL = YES;
				CLANG_ANALYZER_NUMBER_OBJECT_CONVERSION = YES_AGGRESSIVE;
				CLANG_CXX_LANGUAGE_STANDARD = "gnu++14";
				CLANG_CXX_LIBRARY = "libc++";
				CLANG_ENABLE_MODULES = YES;
				CLANG_ENABLE_OBJC_ARC = YES;
				CLANG_ENABLE_OBJC_WEAK = YES;
				CLANG_WARN_BLOCK_CAPTURE_AUTORELEASING = YES;
				CLANG_WARN_BOOL_CONVERSION = YES;
				CLANG_WARN_COMMA = YES;
				CLANG_WARN_CONSTANT_CONVERSION = YES;
				CLANG_WARN_DEPRECATED_OBJC_IMPLEMENTATIONS = YES;
				CLANG_WARN_DIRECT_OBJC_ISA_USAGE = YES_ERROR;
				CLANG_WARN_DOCUMENTATION_COMMENTS = YES;
				CLANG_WARN_EMPTY_BODY = YES;
				CLANG_WARN_ENUM_CONVERSION = YES;
				CLANG_WARN_INFINITE_RECURSION = YES;
				CLANG_WARN_INT_CONVERSION = YES;
				CLANG_WARN_NON_LITERAL_NULL_CONVERSION = YES;
				CLANG_WARN_OBJC_IMPLICIT_RETAIN_SELF = YES;
				CLANG_WARN_OBJC_LITERAL_CONVERSION = YES;
				CLANG_WARN_OBJC_ROOT_CLASS = YES_ERROR;
				CLANG_WARN_QUOTED_INCLUDE_IN_FRAMEWORK_HEADER = YES;
				CLANG_WARN_RANGE_LOOP_ANALYSIS = YES;
				CLANG_WARN_STRICT_PROTOTYPES = YES;
				CLANG_WARN_SUSPICIOUS_MOVE = YES;
				CLANG_WARN_UNGUARDED_AVAILABILITY = YES_AGGRESSIVE;
				CLANG_WARN_UNREACHABLE_CODE = YES;
				CLANG_WARN__DUPLICATE_METHOD_MATCH = YES;
				COPY_PHASE_STRIP = NO;
				DEBUG_INFORMATION_FORMAT = "dwarf-with-dsym";
				ENABLE_NS_ASSERTIONS = NO;
				ENABLE_STRICT_OBJC_MSGSEND = YES;
				GCC_C_LANGUAGE_STANDARD = gnu11;
				GCC_NO_COMMON_BLOCKS = YES;
				GCC_WARN_64_TO_32_BIT_CONVERSION = YES;
				GCC_WARN_ABOUT_RETURN_TYPE = YES_ERROR;
				GCC_WARN_UNDECLARED_SELECTOR = YES;
				GCC_WARN_UNINITIALIZED_AUTOS = YES_AGGRESSIVE;
				GCC_WARN_UNUSED_FUNCTION = YES;
				GCC_WARN_UNUSED_VARIABLE = YES;
				MACOSX_DEPLOYMENT_TARGET = 11.3;
				MTL_ENABLE_DEBUG_INFO = NO;
				MTL_FAST_MATH = YES;
				SDKROOT = macosx;
				SWIFT_COMPILATION_MODE = wholemodule;
				SWIFT_OPTIMIZATION_LEVEL = "-O";
			};
			name = Release;
		};
		D4AE64802692A26000A96D97 /* Debug */ = {
			isa = XCBuildConfiguration;
			buildSettings = {
				CODE_SIGN_STYLE = Automatic;
				DEVELOPMENT_TEAM = B3PWYBKFUK;
				ENABLE_HARDENED_RUNTIME = YES;
				PRODUCT_NAME = "$(TARGET_NAME)";
				SWIFT_VERSION = 5.0;
			};
			name = Debug;
		};
		D4AE64812692A26000A96D97 /* Release */ = {
			isa = XCBuildConfiguration;
			buildSettings = {
				CODE_SIGN_STYLE = Automatic;
				DEVELOPMENT_TEAM = B3PWYBKFUK;
				ENABLE_HARDENED_RUNTIME = YES;
				PRODUCT_NAME = "$(TARGET_NAME)";
				SWIFT_VERSION = 5.0;
			};
			name = Release;
		};
/* End XCBuildConfiguration section */

/* Begin XCConfigurationList section */
		D4AE64732692A26000A96D97 /* Build configuration list for PBXProject "Programmers" */ = {
			isa = XCConfigurationList;
			buildConfigurations = (
				D4AE647D2692A26000A96D97 /* Debug */,
				D4AE647E2692A26000A96D97 /* Release */,
			);
			defaultConfigurationIsVisible = 0;
			defaultConfigurationName = Release;
		};
		D4AE647F2692A26000A96D97 /* Build configuration list for PBXNativeTarget "Programmers" */ = {
			isa = XCConfigurationList;
			buildConfigurations = (
				D4AE64802692A26000A96D97 /* Debug */,
				D4AE64812692A26000A96D97 /* Release */,
			);
			defaultConfigurationIsVisible = 0;
			defaultConfigurationName = Release;
		};
/* End XCConfigurationList section */
	};
	rootObject = D4AE64702692A26000A96D97 /* Project object */;
}
